
Microsoft Visual Studio Solution File, Format Version 12.00
# Visual Studio Version 16
VisualStudioVersion = 16.0.31624.102
MinimumVisualStudioVersion = 10.0.40219.1
Project("{FAE04EC0-301F-11D3-BF4B-00C04F79EFBC}") = "lab2", "lab2\lab2.csproj", "{EE305D65-96EE-48F8-8037-9DC28AA8F690}"
EndProject
Global
	GlobalSection(SolutionConfigurationPlatforms) = preSolution
		Debug|Any CPU = Debug|Any CPU
		Release|Any CPU = Release|Any CPU
	EndGlobalSection
	GlobalSection(ProjectConfigurationPlatforms) = postSolution
		{EE305D65-96EE-48F8-8037-9DC28AA8F690}.Debug|Any CPU.ActiveCfg = Debug|Any CPU
		{EE305D65-96EE-48F8-8037-9DC28AA8F690}.Debug|Any CPU.Build.0 = Debug|Any CPU
		{EE305D65-96EE-48F8-8037-9DC28AA8F690}.Release|Any CPU.ActiveCfg = Release|Any CPU
		{EE305D65-96EE-48F8-8037-9DC28AA8F690}.Release|Any CPU.Build.0 = Release|Any CPU
	EndGlobalSection
	GlobalSection(SolutionProperties) = preSolution
		HideSolutionNode = FALSE
	EndGlobalSection
	GlobalSection(ExtensibilityGlobals) = postSolution
		SolutionGuid = {7C4D8B4F-E590-420D-AB6C-2FF2CFF2A869}
	EndGlobalSection
EndGlobal
